// !$*UTF8*$!
{
	archiveVersion = 1;
	classes = {
	};
	objectVersion = 56;
	objects = {

/* Begin PBXBuildFile section */
		5C58FB3E2B5408FE00118EF1 /* PasscodeView.swift in Sources */ = {isa = PBXBuildFile; fileRef = 5C58FB3D2B5408FE00118EF1 /* PasscodeView.swift */; };
		5C58FB422B54096800118EF1 /* Builder.swift in Sources */ = {isa = PBXBuildFile; fileRef = 5C58FB412B54096800118EF1 /* Builder.swift */; };
		5C58FB452B540BA700118EF1 /* PasscodePresenter.swift in Sources */ = {isa = PBXBuildFile; fileRef = 5C58FB442B540BA700118EF1 /* PasscodePresenter.swift */; };
		5C58FB482B54262000118EF1 /* UIView.swift in Sources */ = {isa = PBXBuildFile; fileRef = 5C58FB472B54262000118EF1 /* UIView.swift */; };
		5C58FB4B2B54678000118EF1 /* KeychainManager.swift in Sources */ = {isa = PBXBuildFile; fileRef = 5C58FB4A2B54678000118EF1 /* KeychainManager.swift */; };
		5C58FB4E2B54FEB400118EF1 /* KeychainAccess in Frameworks */ = {isa = PBXBuildFile; productRef = 5C58FB4D2B54FEB400118EF1 /* KeychainAccess */; };
		5C58FB502B55032700118EF1 /* StringProtocol.ext.swift in Sources */ = {isa = PBXBuildFile; fileRef = 5C58FB4F2B55032700118EF1 /* StringProtocol.ext.swift */; };
		5C58FB5B2B551DAC00118EF1 /* MainScreenView.swift in Sources */ = {isa = PBXBuildFile; fileRef = 5C58FB5A2B551DAC00118EF1 /* MainScreenView.swift */; };
		5C58FB5F2B551DEB00118EF1 /* FavoriteView.swift in Sources */ = {isa = PBXBuildFile; fileRef = 5C58FB5E2B551DEB00118EF1 /* FavoriteView.swift */; };
		5C58FB612B551E0500118EF1 /* CameraView.swift in Sources */ = {isa = PBXBuildFile; fileRef = 5C58FB602B551E0500118EF1 /* CameraView.swift */; };
		5C58FB642B551E4500118EF1 /* TabBarView.swift in Sources */ = {isa = PBXBuildFile; fileRef = 5C58FB632B551E4500118EF1 /* TabBarView.swift */; };
		5C58FB662B551E7500118EF1 /* TabBarViewPresenter.swift in Sources */ = {isa = PBXBuildFile; fileRef = 5C58FB652B551E7500118EF1 /* TabBarViewPresenter.swift */; };
		5C58FB682B5524E700118EF1 /* MainScreenPresenter.swift in Sources */ = {isa = PBXBuildFile; fileRef = 5C58FB672B5524E700118EF1 /* MainScreenPresenter.swift */; };
		5C58FB6A2B55589000118EF1 /* MainPostCell.swift in Sources */ = {isa = PBXBuildFile; fileRef = 5C58FB692B55589000118EF1 /* MainPostCell.swift */; };
		5C58FB6C2B5558E200118EF1 /* MainPostHeader.swift in Sources */ = {isa = PBXBuildFile; fileRef = 5C58FB6B2B5558E200118EF1 /* MainPostHeader.swift */; };
		5C58FB6E2B556F2D00118EF1 /* PostItem.swift in Sources */ = {isa = PBXBuildFile; fileRef = 5C58FB6D2B556F2D00118EF1 /* PostItem.swift */; };
		5CD42FB72B4F2AED0073E1BC /* AppDelegate.swift in Sources */ = {isa = PBXBuildFile; fileRef = 5CD42FB62B4F2AED0073E1BC /* AppDelegate.swift */; };
		5CD42FB92B4F2AED0073E1BC /* SceneDelegate.swift in Sources */ = {isa = PBXBuildFile; fileRef = 5CD42FB82B4F2AED0073E1BC /* SceneDelegate.swift */; };
		5CD42FC02B4F2AEE0073E1BC /* Assets.xcassets in Resources */ = {isa = PBXBuildFile; fileRef = 5CD42FBF2B4F2AEE0073E1BC /* Assets.xcassets */; };
		5CD42FC32B4F2AEE0073E1BC /* LaunchScreen.storyboard in Resources */ = {isa = PBXBuildFile; fileRef = 5CD42FC12B4F2AEE0073E1BC /* LaunchScreen.storyboard */; };
/* End PBXBuildFile section */

/* Begin PBXFileReference section */
		5C58FB3D2B5408FE00118EF1 /* PasscodeView.swift */ = {isa = PBXFileReference; lastKnownFileType = sourcecode.swift; path = PasscodeView.swift; sourceTree = "<group>"; };
		5C58FB412B54096800118EF1 /* Builder.swift */ = {isa = PBXFileReference; lastKnownFileType = sourcecode.swift; path = Builder.swift; sourceTree = "<group>"; };
		5C58FB442B540BA700118EF1 /* PasscodePresenter.swift */ = {isa = PBXFileReference; lastKnownFileType = sourcecode.swift; path = PasscodePresenter.swift; sourceTree = "<group>"; };
		5C58FB472B54262000118EF1 /* UIView.swift */ = {isa = PBXFileReference; lastKnownFileType = sourcecode.swift; path = UIView.swift; sourceTree = "<group>"; };
		5C58FB4A2B54678000118EF1 /* KeychainManager.swift */ = {isa = PBXFileReference; lastKnownFileType = sourcecode.swift; path = KeychainManager.swift; sourceTree = "<group>"; };
		5C58FB4F2B55032700118EF1 /* StringProtocol.ext.swift */ = {isa = PBXFileReference; lastKnownFileType = sourcecode.swift; path = StringProtocol.ext.swift; sourceTree = "<group>"; };
		5C58FB5A2B551DAC00118EF1 /* MainScreenView.swift */ = {isa = PBXFileReference; lastKnownFileType = sourcecode.swift; path = MainScreenView.swift; sourceTree = "<group>"; };
		5C58FB5E2B551DEB00118EF1 /* FavoriteView.swift */ = {isa = PBXFileReference; lastKnownFileType = sourcecode.swift; path = FavoriteView.swift; sourceTree = "<group>"; };
		5C58FB602B551E0500118EF1 /* CameraView.swift */ = {isa = PBXFileReference; lastKnownFileType = sourcecode.swift; path = CameraView.swift; sourceTree = "<group>"; };
		5C58FB632B551E4500118EF1 /* TabBarView.swift */ = {isa = PBXFileReference; lastKnownFileType = sourcecode.swift; path = TabBarView.swift; sourceTree = "<group>"; };
		5C58FB652B551E7500118EF1 /* TabBarViewPresenter.swift */ = {isa = PBXFileReference; lastKnownFileType = sourcecode.swift; path = TabBarViewPresenter.swift; sourceTree = "<group>"; };
		5C58FB672B5524E700118EF1 /* MainScreenPresenter.swift */ = {isa = PBXFileReference; lastKnownFileType = sourcecode.swift; path = MainScreenPresenter.swift; sourceTree = "<group>"; };
		5C58FB692B55589000118EF1 /* MainPostCell.swift */ = {isa = PBXFileReference; lastKnownFileType = sourcecode.swift; path = MainPostCell.swift; sourceTree = "<group>"; };
		5C58FB6B2B5558E200118EF1 /* MainPostHeader.swift */ = {isa = PBXFileReference; lastKnownFileType = sourcecode.swift; path = MainPostHeader.swift; sourceTree = "<group>"; };
		5C58FB6D2B556F2D00118EF1 /* PostItem.swift */ = {isa = PBXFileReference; lastKnownFileType = sourcecode.swift; path = PostItem.swift; sourceTree = "<group>"; };
		5CD42FB32B4F2AED0073E1BC /* iOSDev.app */ = {isa = PBXFileReference; explicitFileType = wrapper.application; includeInIndex = 0; path = iOSDev.app; sourceTree = BUILT_PRODUCTS_DIR; };
		5CD42FB62B4F2AED0073E1BC /* AppDelegate.swift */ = {isa = PBXFileReference; lastKnownFileType = sourcecode.swift; path = AppDelegate.swift; sourceTree = "<group>"; };
		5CD42FB82B4F2AED0073E1BC /* SceneDelegate.swift */ = {isa = PBXFileReference; lastKnownFileType = sourcecode.swift; path = SceneDelegate.swift; sourceTree = "<group>"; };
		5CD42FBF2B4F2AEE0073E1BC /* Assets.xcassets */ = {isa = PBXFileReference; lastKnownFileType = folder.assetcatalog; path = Assets.xcassets; sourceTree = "<group>"; };
		5CD42FC22B4F2AEE0073E1BC /* Base */ = {isa = PBXFileReference; lastKnownFileType = file.storyboard; name = Base; path = Base.lproj/LaunchScreen.storyboard; sourceTree = "<group>"; };
		5CD42FC42B4F2AEE0073E1BC /* Info.plist */ = {isa = PBXFileReference; lastKnownFileType = text.plist.xml; path = Info.plist; sourceTree = "<group>"; };
/* End PBXFileReference section */

/* Begin PBXFrameworksBuildPhase section */
		5CD42FB02B4F2AED0073E1BC /* Frameworks */ = {
			isa = PBXFrameworksBuildPhase;
			buildActionMask = 2147483647;
			files = (
				5C58FB4E2B54FEB400118EF1 /* KeychainAccess in Frameworks */,
			);
			runOnlyForDeploymentPostprocessing = 0;
		};
/* End PBXFrameworksBuildPhase section */

/* Begin PBXGroup section */
		5C58FB392B54081600118EF1 /* Module */ = {
			isa = PBXGroup;
			children = (
				5C58FB592B551C2000118EF1 /* CameraModule */,
				5C58FB582B551C0C00118EF1 /* FavoriteModule */,
				5C58FB542B55182600118EF1 /* MainScreenModule */,
				5C58FB512B5517EE00118EF1 /* TabBarModule */,
				5C58FB3A2B54084600118EF1 /* PasscodeModule */,
				5CD42FBF2B4F2AEE0073E1BC /* Assets.xcassets */,
				5CD42FC12B4F2AEE0073E1BC /* LaunchScreen.storyboard */,
				5CD42FC42B4F2AEE0073E1BC /* Info.plist */,
			);
			path = Module;
			sourceTree = "<group>";
		};
		5C58FB3A2B54084600118EF1 /* PasscodeModule */ = {
			isa = PBXGroup;
			children = (
				5C58FB3C2B54088600118EF1 /* Model */,
				5C58FB3B2B54085D00118EF1 /* View */,
				5C58FB3F2B54090F00118EF1 /* Presenter */,
			);
			path = PasscodeModule;
			sourceTree = "<group>";
		};
		5C58FB3B2B54085D00118EF1 /* View */ = {
			isa = PBXGroup;
			children = (
				5C58FB3D2B5408FE00118EF1 /* PasscodeView.swift */,
			);
			path = View;
			sourceTree = "<group>";
		};
		5C58FB3C2B54088600118EF1 /* Model */ = {
			isa = PBXGroup;
			children = (
			);
			path = Model;
			sourceTree = "<group>";
		};
		5C58FB3F2B54090F00118EF1 /* Presenter */ = {
			isa = PBXGroup;
			children = (
				5C58FB442B540BA700118EF1 /* PasscodePresenter.swift */,
			);
			path = Presenter;
			sourceTree = "<group>";
		};
		5C58FB402B54094900118EF1 /* Builder */ = {
			isa = PBXGroup;
			children = (
				5C58FB412B54096800118EF1 /* Builder.swift */,
			);
			path = Builder;
			sourceTree = "<group>";
		};
		5C58FB432B540A8600118EF1 /* Common */ = {
			isa = PBXGroup;
			children = (
				5CD42FB62B4F2AED0073E1BC /* AppDelegate.swift */,
				5CD42FB82B4F2AED0073E1BC /* SceneDelegate.swift */,
			);
			path = Common;
			sourceTree = "<group>";
		};
		5C58FB462B54260300118EF1 /* Extension */ = {
			isa = PBXGroup;
			children = (
				5C58FB472B54262000118EF1 /* UIView.swift */,
				5C58FB4F2B55032700118EF1 /* StringProtocol.ext.swift */,
			);
			path = Extension;
			sourceTree = "<group>";
		};
		5C58FB492B54676100118EF1 /* KeychainManager */ = {
			isa = PBXGroup;
			children = (
				5C58FB4A2B54678000118EF1 /* KeychainManager.swift */,
			);
			path = KeychainManager;
			sourceTree = "<group>";
		};
		5C58FB512B5517EE00118EF1 /* TabBarModule */ = {
			isa = PBXGroup;
			children = (
				5C58FB532B55180900118EF1 /* Presenter */,
				5C58FB522B5517FF00118EF1 /* View */,
			);
			path = TabBarModule;
			sourceTree = "<group>";
		};
		5C58FB522B5517FF00118EF1 /* View */ = {
			isa = PBXGroup;
			children = (
				5C58FB632B551E4500118EF1 /* TabBarView.swift */,
			);
			path = View;
			sourceTree = "<group>";
		};
		5C58FB532B55180900118EF1 /* Presenter */ = {
			isa = PBXGroup;
			children = (
				5C58FB652B551E7500118EF1 /* TabBarViewPresenter.swift */,
			);
			path = Presenter;
			sourceTree = "<group>";
		};
		5C58FB542B55182600118EF1 /* MainScreenModule */ = {
			isa = PBXGroup;
			children = (
				5C58FB572B5518E800118EF1 /* Model */,
				5C58FB552B5518D400118EF1 /* View */,
				5C58FB562B5518E100118EF1 /* Presenter */,
			);
			path = MainScreenModule;
			sourceTree = "<group>";
		};
		5C58FB552B5518D400118EF1 /* View */ = {
			isa = PBXGroup;
			children = (
				5C58FB5A2B551DAC00118EF1 /* MainScreenView.swift */,
				5C58FB692B55589000118EF1 /* MainPostCell.swift */,
				5C58FB6B2B5558E200118EF1 /* MainPostHeader.swift */,
			);
			path = View;
			sourceTree = "<group>";
		};
		5C58FB562B5518E100118EF1 /* Presenter */ = {
			isa = PBXGroup;
			children = (
				5C58FB672B5524E700118EF1 /* MainScreenPresenter.swift */,
			);
			path = Presenter;
			sourceTree = "<group>";
		};
		5C58FB572B5518E800118EF1 /* Model */ = {
			isa = PBXGroup;
			children = (
				5C58FB6D2B556F2D00118EF1 /* PostItem.swift */,
			);
			path = Model;
			sourceTree = "<group>";
		};
		5C58FB582B551C0C00118EF1 /* FavoriteModule */ = {
			isa = PBXGroup;
			children = (
				5C58FB5C2B551DB800118EF1 /* View */,
			);
			path = FavoriteModule;
			sourceTree = "<group>";
		};
		5C58FB592B551C2000118EF1 /* CameraModule */ = {
			isa = PBXGroup;
			children = (
				5C58FB5D2B551DC400118EF1 /* View */,
			);
			path = CameraModule;
			sourceTree = "<group>";
		};
		5C58FB5C2B551DB800118EF1 /* View */ = {
			isa = PBXGroup;
			children = (
				5C58FB5E2B551DEB00118EF1 /* FavoriteView.swift */,
			);
			path = View;
			sourceTree = "<group>";
		};
		5C58FB5D2B551DC400118EF1 /* View */ = {
			isa = PBXGroup;
			children = (
				5C58FB602B551E0500118EF1 /* CameraView.swift */,
			);
			path = View;
			sourceTree = "<group>";
		};
		5CD42FAA2B4F2AED0073E1BC = {
			isa = PBXGroup;
			children = (
				5CD42FB52B4F2AED0073E1BC /* iOSDev */,
				5CD42FB42B4F2AED0073E1BC /* Products */,
			);
			sourceTree = "<group>";
		};
		5CD42FB42B4F2AED0073E1BC /* Products */ = {
			isa = PBXGroup;
			children = (
				5CD42FB32B4F2AED0073E1BC /* iOSDev.app */,
			);
			name = Products;
			sourceTree = "<group>";
		};
		5CD42FB52B4F2AED0073E1BC /* iOSDev */ = {
			isa = PBXGroup;
			children = (
				5C58FB492B54676100118EF1 /* KeychainManager */,
				5C58FB462B54260300118EF1 /* Extension */,
				5C58FB402B54094900118EF1 /* Builder */,
				5C58FB432B540A8600118EF1 /* Common */,
				5C58FB392B54081600118EF1 /* Module */,
			);
			path = iOSDev;
			sourceTree = "<group>";
		};
/* End PBXGroup section */

/* Begin PBXNativeTarget section */
		5CD42FB22B4F2AED0073E1BC /* iOSDev */ = {
			isa = PBXNativeTarget;
			buildConfigurationList = 5CD42FC72B4F2AEE0073E1BC /* Build configuration list for PBXNativeTarget "iOSDev" */;
			buildPhases = (
				5CD42FAF2B4F2AED0073E1BC /* Sources */,
				5CD42FB02B4F2AED0073E1BC /* Frameworks */,
				5CD42FB12B4F2AED0073E1BC /* Resources */,
			);
			buildRules = (
			);
			dependencies = (
			);
			name = iOSDev;
			packageProductDependencies = (
				5C58FB4D2B54FEB400118EF1 /* KeychainAccess */,
			);
			productName = iOSDev;
			productReference = 5CD42FB32B4F2AED0073E1BC /* iOSDev.app */;
			productType = "com.apple.product-type.application";
		};
/* End PBXNativeTarget section */

/* Begin PBXProject section */
		5CD42FAB2B4F2AED0073E1BC /* Project object */ = {
			isa = PBXProject;
			attributes = {
				BuildIndependentTargetsInParallel = 1;
				LastSwiftUpdateCheck = 1420;
				LastUpgradeCheck = 1420;
				TargetAttributes = {
					5CD42FB22B4F2AED0073E1BC = {
						CreatedOnToolsVersion = 14.2;
					};
				};
			};
			buildConfigurationList = 5CD42FAE2B4F2AED0073E1BC /* Build configuration list for PBXProject "iOSDev" */;
			compatibilityVersion = "Xcode 14.0";
			developmentRegion = en;
			hasScannedForEncodings = 0;
			knownRegions = (
				en,
				Base,
			);
			mainGroup = 5CD42FAA2B4F2AED0073E1BC;
			packageReferences = (
				5C58FB4C2B54FEB400118EF1 /* XCRemoteSwiftPackageReference "KeychainAccess" */,
			);
			productRefGroup = 5CD42FB42B4F2AED0073E1BC /* Products */;
			projectDirPath = "";
			projectRoot = "";
			targets = (
				5CD42FB22B4F2AED0073E1BC /* iOSDev */,
			);
		};
/* End PBXProject section */

/* Begin PBXResourcesBuildPhase section */
		5CD42FB12B4F2AED0073E1BC /* Resources */ = {
			isa = PBXResourcesBuildPhase;
			buildActionMask = 2147483647;
			files = (
				5CD42FC32B4F2AEE0073E1BC /* LaunchScreen.storyboard in Resources */,
				5CD42FC02B4F2AEE0073E1BC /* Assets.xcassets in Resources */,
			);
			runOnlyForDeploymentPostprocessing = 0;
		};
/* End PBXResourcesBuildPhase section */

/* Begin PBXSourcesBuildPhase section */
		5CD42FAF2B4F2AED0073E1BC /* Sources */ = {
			isa = PBXSourcesBuildPhase;
			buildActionMask = 2147483647;
			files = (
				5C58FB662B551E7500118EF1 /* TabBarViewPresenter.swift in Sources */,
				5C58FB3E2B5408FE00118EF1 /* PasscodeView.swift in Sources */,
				5C58FB6E2B556F2D00118EF1 /* PostItem.swift in Sources */,
				5CD42FB72B4F2AED0073E1BC /* AppDelegate.swift in Sources */,
				5C58FB6C2B5558E200118EF1 /* MainPostHeader.swift in Sources */,
				5C58FB4B2B54678000118EF1 /* KeychainManager.swift in Sources */,
				5C58FB502B55032700118EF1 /* StringProtocol.ext.swift in Sources */,
				5C58FB5B2B551DAC00118EF1 /* MainScreenView.swift in Sources */,
				5CD42FB92B4F2AED0073E1BC /* SceneDelegate.swift in Sources */,
				5C58FB422B54096800118EF1 /* Builder.swift in Sources */,
				5C58FB612B551E0500118EF1 /* CameraView.swift in Sources */,
				5C58FB682B5524E700118EF1 /* MainScreenPresenter.swift in Sources */,
				5C58FB482B54262000118EF1 /* UIView.swift in Sources */,
				5C58FB5F2B551DEB00118EF1 /* FavoriteView.swift in Sources */,
				5C58FB642B551E4500118EF1 /* TabBarView.swift in Sources */,
				5C58FB6A2B55589000118EF1 /* MainPostCell.swift in Sources */,
				5C58FB452B540BA700118EF1 /* PasscodePresenter.swift in Sources */,
			);
			runOnlyForDeploymentPostprocessing = 0;
		};
/* End PBXSourcesBuildPhase section */

/* Begin PBXVariantGroup section */
		5CD42FC12B4F2AEE0073E1BC /* LaunchScreen.storyboard */ = {
			isa = PBXVariantGroup;
			children = (
				5CD42FC22B4F2AEE0073E1BC /* Base */,
			);
			name = LaunchScreen.storyboard;
			sourceTree = "<group>";
		};
/* End PBXVariantGroup section */

/* Begin XCBuildConfiguration section */
		5CD42FC52B4F2AEE0073E1BC /* Debug */ = {
			isa = XCBuildConfiguration;
			buildSettings = {
				ALWAYS_SEARCH_USER_PATHS = NO;
				CLANG_ANALYZER_NONNULL = YES;
				CLANG_ANALYZER_NUMBER_OBJECT_CONVERSION = YES_AGGRESSIVE;
				CLANG_CXX_LANGUAGE_STANDARD = "gnu++20";
				CLANG_ENABLE_MODULES = YES;
				CLANG_ENABLE_OBJC_ARC = YES;
				CLANG_ENABLE_OBJC_WEAK = YES;
				CLANG_WARN_BLOCK_CAPTURE_AUTORELEASING = YES;
				CLANG_WARN_BOOL_CONVERSION = YES;
				CLANG_WARN_COMMA = YES;
				CLANG_WARN_CONSTANT_CONVERSION = YES;
				CLANG_WARN_DEPRECATED_OBJC_IMPLEMENTATIONS = YES;
				CLANG_WARN_DIRECT_OBJC_ISA_USAGE = YES_ERROR;
				CLANG_WARN_DOCUMENTATION_COMMENTS = YES;
				CLANG_WARN_EMPTY_BODY = YES;
				CLANG_WARN_ENUM_CONVERSION = YES;
				CLANG_WARN_INFINITE_RECURSION = YES;
				CLANG_WARN_INT_CONVERSION = YES;
				CLANG_WARN_NON_LITERAL_NULL_CONVERSION = YES;
				CLANG_WARN_OBJC_IMPLICIT_RETAIN_SELF = YES;
				CLANG_WARN_OBJC_LITERAL_CONVERSION = YES;
				CLANG_WARN_OBJC_ROOT_CLASS = YES_ERROR;
				CLANG_WARN_QUOTED_INCLUDE_IN_FRAMEWORK_HEADER = YES;
				CLANG_WARN_RANGE_LOOP_ANALYSIS = YES;
				CLANG_WARN_STRICT_PROTOTYPES = YES;
				CLANG_WARN_SUSPICIOUS_MOVE = YES;
				CLANG_WARN_UNGUARDED_AVAILABILITY = YES_AGGRESSIVE;
				CLANG_WARN_UNREACHABLE_CODE = YES;
				CLANG_WARN__DUPLICATE_METHOD_MATCH = YES;
				COPY_PHASE_STRIP = NO;
				DEBUG_INFORMATION_FORMAT = dwarf;
				ENABLE_STRICT_OBJC_MSGSEND = YES;
				ENABLE_TESTABILITY = YES;
				GCC_C_LANGUAGE_STANDARD = gnu11;
				GCC_DYNAMIC_NO_PIC = NO;
				GCC_NO_COMMON_BLOCKS = YES;
				GCC_OPTIMIZATION_LEVEL = 0;
				GCC_PREPROCESSOR_DEFINITIONS = (
					"DEBUG=1",
					"$(inherited)",
				);
				GCC_WARN_64_TO_32_BIT_CONVERSION = YES;
				GCC_WARN_ABOUT_RETURN_TYPE = YES_ERROR;
				GCC_WARN_UNDECLARED_SELECTOR = YES;
				GCC_WARN_UNINITIALIZED_AUTOS = YES_AGGRESSIVE;
				GCC_WARN_UNUSED_FUNCTION = YES;
				GCC_WARN_UNUSED_VARIABLE = YES;
				IPHONEOS_DEPLOYMENT_TARGET = 16.2;
				MTL_ENABLE_DEBUG_INFO = INCLUDE_SOURCE;
				MTL_FAST_MATH = YES;
				ONLY_ACTIVE_ARCH = YES;
				SDKROOT = iphoneos;
				SWIFT_ACTIVE_COMPILATION_CONDITIONS = DEBUG;
				SWIFT_OPTIMIZATION_LEVEL = "-Onone";
			};
			name = Debug;
		};
		5CD42FC62B4F2AEE0073E1BC /* Release */ = {
			isa = XCBuildConfiguration;
			buildSettings = {
				ALWAYS_SEARCH_USER_PATHS = NO;
				CLANG_ANALYZER_NONNULL = YES;
				CLANG_ANALYZER_NUMBER_OBJECT_CONVERSION = YES_AGGRESSIVE;
				CLANG_CXX_LANGUAGE_STANDARD = "gnu++20";
				CLANG_ENABLE_MODULES = YES;
				CLANG_ENABLE_OBJC_ARC = YES;
				CLANG_ENABLE_OBJC_WEAK = YES;
				CLANG_WARN_BLOCK_CAPTURE_AUTORELEASING = YES;
				CLANG_WARN_BOOL_CONVERSION = YES;
				CLANG_WARN_COMMA = YES;
				CLANG_WARN_CONSTANT_CONVERSION = YES;
				CLANG_WARN_DEPRECATED_OBJC_IMPLEMENTATIONS = YES;
				CLANG_WARN_DIRECT_OBJC_ISA_USAGE = YES_ERROR;
				CLANG_WARN_DOCUMENTATION_COMMENTS = YES;
				CLANG_WARN_EMPTY_BODY = YES;
				CLANG_WARN_ENUM_CONVERSION = YES;
				CLANG_WARN_INFINITE_RECURSION = YES;
				CLANG_WARN_INT_CONVERSION = YES;
				CLANG_WARN_NON_LITERAL_NULL_CONVERSION = YES;
				CLANG_WARN_OBJC_IMPLICIT_RETAIN_SELF = YES;
				CLANG_WARN_OBJC_LITERAL_CONVERSION = YES;
				CLANG_WARN_OBJC_ROOT_CLASS = YES_ERROR;
				CLANG_WARN_QUOTED_INCLUDE_IN_FRAMEWORK_HEADER = YES;
				CLANG_WARN_RANGE_LOOP_ANALYSIS = YES;
				CLANG_WARN_STRICT_PROTOTYPES = YES;
				CLANG_WARN_SUSPICIOUS_MOVE = YES;
				CLANG_WARN_UNGUARDED_AVAILABILITY = YES_AGGRESSIVE;
				CLANG_WARN_UNREACHABLE_CODE = YES;
				CLANG_WARN__DUPLICATE_METHOD_MATCH = YES;
				COPY_PHASE_STRIP = NO;
				DEBUG_INFORMATION_FORMAT = "dwarf-with-dsym";
				ENABLE_NS_ASSERTIONS = NO;
				ENABLE_STRICT_OBJC_MSGSEND = YES;
				GCC_C_LANGUAGE_STANDARD = gnu11;
				GCC_NO_COMMON_BLOCKS = YES;
				GCC_WARN_64_TO_32_BIT_CONVERSION = YES;
				GCC_WARN_ABOUT_RETURN_TYPE = YES_ERROR;
				GCC_WARN_UNDECLARED_SELECTOR = YES;
				GCC_WARN_UNINITIALIZED_AUTOS = YES_AGGRESSIVE;
				GCC_WARN_UNUSED_FUNCTION = YES;
				GCC_WARN_UNUSED_VARIABLE = YES;
				IPHONEOS_DEPLOYMENT_TARGET = 16.2;
				MTL_ENABLE_DEBUG_INFO = NO;
				MTL_FAST_MATH = YES;
				SDKROOT = iphoneos;
				SWIFT_COMPILATION_MODE = wholemodule;
				SWIFT_OPTIMIZATION_LEVEL = "-O";
				VALIDATE_PRODUCT = YES;
			};
			name = Release;
		};
		5CD42FC82B4F2AEE0073E1BC /* Debug */ = {
			isa = XCBuildConfiguration;
			buildSettings = {
				ASSETCATALOG_COMPILER_APPICON_NAME = AppIcon;
				ASSETCATALOG_COMPILER_GLOBAL_ACCENT_COLOR_NAME = AccentColor;
				CODE_SIGN_STYLE = Automatic;
				CURRENT_PROJECT_VERSION = 1;
				DEVELOPMENT_TEAM = UMHRFV43J3;
				GENERATE_INFOPLIST_FILE = YES;
				INFOPLIST_FILE = iOSDev/Info.plist;
				INFOPLIST_KEY_UIApplicationSupportsIndirectInputEvents = YES;
				INFOPLIST_KEY_UILaunchStoryboardName = LaunchScreen;
				INFOPLIST_KEY_UISupportedInterfaceOrientations_iPad = "UIInterfaceOrientationPortrait UIInterfaceOrientationPortraitUpsideDown UIInterfaceOrientationLandscapeLeft UIInterfaceOrientationLandscapeRight";
				INFOPLIST_KEY_UISupportedInterfaceOrientations_iPhone = "UIInterfaceOrientationPortrait UIInterfaceOrientationLandscapeLeft UIInterfaceOrientationLandscapeRight";
				LD_RUNPATH_SEARCH_PATHS = (
					"$(inherited)",
					"@executable_path/Frameworks",
				);
				MARKETING_VERSION = 1.0;
				PRODUCT_BUNDLE_IDENTIFIER = kama.iOSDev;
				PRODUCT_NAME = "$(TARGET_NAME)";
				SWIFT_EMIT_LOC_STRINGS = YES;
				SWIFT_VERSION = 5.0;
				TARGETED_DEVICE_FAMILY = "1,2";
			};
			name = Debug;
		};
		5CD42FC92B4F2AEE0073E1BC /* Release */ = {
			isa = XCBuildConfiguration;
			buildSettings = {
				ASSETCATALOG_COMPILER_APPICON_NAME = AppIcon;
				ASSETCATALOG_COMPILER_GLOBAL_ACCENT_COLOR_NAME = AccentColor;
				CODE_SIGN_STYLE = Automatic;
				CURRENT_PROJECT_VERSION = 1;
				DEVELOPMENT_TEAM = UMHRFV43J3;
				GENERATE_INFOPLIST_FILE = YES;
				INFOPLIST_FILE = iOSDev/Info.plist;
				INFOPLIST_KEY_UIApplicationSupportsIndirectInputEvents = YES;
				INFOPLIST_KEY_UILaunchStoryboardName = LaunchScreen;
				INFOPLIST_KEY_UISupportedInterfaceOrientations_iPad = "UIInterfaceOrientationPortrait UIInterfaceOrientationPortraitUpsideDown UIInterfaceOrientationLandscapeLeft UIInterfaceOrientationLandscapeRight";
				INFOPLIST_KEY_UISupportedInterfaceOrientations_iPhone = "UIInterfaceOrientationPortrait UIInterfaceOrientationLandscapeLeft UIInterfaceOrientationLandscapeRight";
				LD_RUNPATH_SEARCH_PATHS = (
					"$(inherited)",
					"@executable_path/Frameworks",
				);
				MARKETING_VERSION = 1.0;
				PRODUCT_BUNDLE_IDENTIFIER = kama.iOSDev;
				PRODUCT_NAME = "$(TARGET_NAME)";
				SWIFT_EMIT_LOC_STRINGS = YES;
				SWIFT_VERSION = 5.0;
				TARGETED_DEVICE_FAMILY = "1,2";
			};
			name = Release;
		};
/* End XCBuildConfiguration section */

/* Begin XCConfigurationList section */
		5CD42FAE2B4F2AED0073E1BC /* Build configuration list for PBXProject "iOSDev" */ = {
			isa = XCConfigurationList;
			buildConfigurations = (
				5CD42FC52B4F2AEE0073E1BC /* Debug */,
				5CD42FC62B4F2AEE0073E1BC /* Release */,
			);
			defaultConfigurationIsVisible = 0;
			defaultConfigurationName = Release;
		};
		5CD42FC72B4F2AEE0073E1BC /* Build configuration list for PBXNativeTarget "iOSDev" */ = {
			isa = XCConfigurationList;
			buildConfigurations = (
				5CD42FC82B4F2AEE0073E1BC /* Debug */,
				5CD42FC92B4F2AEE0073E1BC /* Release */,
			);
			defaultConfigurationIsVisible = 0;
			defaultConfigurationName = Release;
		};
/* End XCConfigurationList section */

/* Begin XCRemoteSwiftPackageReference section */
		5C58FB4C2B54FEB400118EF1 /* XCRemoteSwiftPackageReference "KeychainAccess" */ = {
			isa = XCRemoteSwiftPackageReference;
			repositoryURL = "https://github.com/kishikawakatsumi/KeychainAccess";
			requirement = {
				branch = master;
				kind = branch;
			};
		};
/* End XCRemoteSwiftPackageReference section */

/* Begin XCSwiftPackageProductDependency section */
		5C58FB4D2B54FEB400118EF1 /* KeychainAccess */ = {
			isa = XCSwiftPackageProductDependency;
			package = 5C58FB4C2B54FEB400118EF1 /* XCRemoteSwiftPackageReference "KeychainAccess" */;
			productName = KeychainAccess;
		};
/* End XCSwiftPackageProductDependency section */
	};
	rootObject = 5CD42FAB2B4F2AED0073E1BC /* Project object */;
}
